// !$*UTF8*$!
{
	archiveVersion = 1;
	classes = {
	};
	objectVersion = 50;
	objects = {

/* Begin PBXBuildFile section */
		780EC3B822FC9DF200B06DD2 /* AppDelegate.swift in Sources */ = {isa = PBXBuildFile; fileRef = 780EC3B722FC9DF200B06DD2 /* AppDelegate.swift */; };
		780EC3BA22FC9DF200B06DD2 /* SceneDelegate.swift in Sources */ = {isa = PBXBuildFile; fileRef = 780EC3B922FC9DF200B06DD2 /* SceneDelegate.swift */; };
		780EC3BC22FC9DF200B06DD2 /* ContentView.swift in Sources */ = {isa = PBXBuildFile; fileRef = 780EC3BB22FC9DF200B06DD2 /* ContentView.swift */; };
		780EC3BE22FC9DF300B06DD2 /* Assets.xcassets in Resources */ = {isa = PBXBuildFile; fileRef = 780EC3BD22FC9DF300B06DD2 /* Assets.xcassets */; };
		780EC3C122FC9DF300B06DD2 /* Preview Assets.xcassets in Resources */ = {isa = PBXBuildFile; fileRef = 780EC3C022FC9DF300B06DD2 /* Preview Assets.xcassets */; };
		780EC3C422FC9DF300B06DD2 /* LaunchScreen.storyboard in Resources */ = {isa = PBXBuildFile; fileRef = 780EC3C222FC9DF300B06DD2 /* LaunchScreen.storyboard */; };
		780EC3CE22FC9E3E00B06DD2 /* QuizManager.swift in Sources */ = {isa = PBXBuildFile; fileRef = 780EC3CD22FC9E3E00B06DD2 /* QuizManager.swift */; };
		780EC3D022FC9E5000B06DD2 /* SoundManager.swift in Sources */ = {isa = PBXBuildFile; fileRef = 780EC3CF22FC9E5000B06DD2 /* SoundManager.swift */; };
		780EC3D422FC9E7300B06DD2 /* RightSound.wav in Resources */ = {isa = PBXBuildFile; fileRef = 780EC3D122FC9E7300B06DD2 /* RightSound.wav */; };
		780EC3D522FC9E7300B06DD2 /* WrongSound.wav in Resources */ = {isa = PBXBuildFile; fileRef = 780EC3D222FC9E7300B06DD2 /* WrongSound.wav */; };
		780EC3D622FC9E7300B06DD2 /* GameSound.wav in Resources */ = {isa = PBXBuildFile; fileRef = 780EC3D322FC9E7300B06DD2 /* GameSound.wav */; };
		7828AB8423008A27002AC79F /* Questions in Resources */ = {isa = PBXBuildFile; fileRef = 7828AB8323008A27002AC79F /* Questions */; };
		78BB7D5022FE877600C588EB /* ButtonModifier.swift in Sources */ = {isa = PBXBuildFile; fileRef = 78BB7D4F22FE877600C588EB /* ButtonModifier.swift */; };
		78C9BE5D22FE860B007618A8 /* Question.swift in Sources */ = {isa = PBXBuildFile; fileRef = 78C9BE5C22FE860B007618A8 /* Question.swift */; };
		78F266CF22FE920600C94622 /* Result.swift in Sources */ = {isa = PBXBuildFile; fileRef = 78F266CE22FE920600C94622 /* Result.swift */; };
		78F266D122FE99F400C94622 /* ResultTextModifier.swift in Sources */ = {isa = PBXBuildFile; fileRef = 78F266D022FE99F400C94622 /* ResultTextModifier.swift */; };
/* End PBXBuildFile section */

/* Begin PBXFileReference section */
		780EC3B422FC9DF200B06DD2 /* Quiz.app */ = {isa = PBXFileReference; explicitFileType = wrapper.application; includeInIndex = 0; path = Quiz.app; sourceTree = BUILT_PRODUCTS_DIR; };
		780EC3B722FC9DF200B06DD2 /* AppDelegate.swift */ = {isa = PBXFileReference; lastKnownFileType = sourcecode.swift; path = AppDelegate.swift; sourceTree = "<group>"; };
		780EC3B922FC9DF200B06DD2 /* SceneDelegate.swift */ = {isa = PBXFileReference; lastKnownFileType = sourcecode.swift; path = SceneDelegate.swift; sourceTree = "<group>"; };
		780EC3BB22FC9DF200B06DD2 /* ContentView.swift */ = {isa = PBXFileReference; lastKnownFileType = sourcecode.swift; path = ContentView.swift; sourceTree = "<group>"; };
		780EC3BD22FC9DF300B06DD2 /* Assets.xcassets */ = {isa = PBXFileReference; lastKnownFileType = folder.assetcatalog; path = Assets.xcassets; sourceTree = "<group>"; };
		780EC3C022FC9DF300B06DD2 /* Preview Assets.xcassets */ = {isa = PBXFileReference; lastKnownFileType = folder.assetcatalog; path = "Preview Assets.xcassets"; sourceTree = "<group>"; };
		780EC3C322FC9DF300B06DD2 /* Base */ = {isa = PBXFileReference; lastKnownFileType = file.storyboard; name = Base; path = Base.lproj/LaunchScreen.storyboard; sourceTree = "<group>"; };
		780EC3C522FC9DF300B06DD2 /* Info.plist */ = {isa = PBXFileReference; lastKnownFileType = text.plist.xml; path = Info.plist; sourceTree = "<group>"; };
		780EC3CD22FC9E3E00B06DD2 /* QuizManager.swift */ = {isa = PBXFileReference; lastKnownFileType = sourcecode.swift; path = QuizManager.swift; sourceTree = "<group>"; };
		780EC3CF22FC9E5000B06DD2 /* SoundManager.swift */ = {isa = PBXFileReference; lastKnownFileType = sourcecode.swift; path = SoundManager.swift; sourceTree = "<group>"; };
		780EC3D122FC9E7300B06DD2 /* RightSound.wav */ = {isa = PBXFileReference; lastKnownFileType = audio.wav; path = RightSound.wav; sourceTree = "<group>"; };
		780EC3D222FC9E7300B06DD2 /* WrongSound.wav */ = {isa = PBXFileReference; lastKnownFileType = audio.wav; path = WrongSound.wav; sourceTree = "<group>"; };
		780EC3D322FC9E7300B06DD2 /* GameSound.wav */ = {isa = PBXFileReference; lastKnownFileType = audio.wav; path = GameSound.wav; sourceTree = "<group>"; };
		7828AB8323008A27002AC79F /* Questions */ = {isa = PBXFileReference; lastKnownFileType = text; path = Questions; sourceTree = "<group>"; };
		78BB7D4F22FE877600C588EB /* ButtonModifier.swift */ = {isa = PBXFileReference; lastKnownFileType = sourcecode.swift; path = ButtonModifier.swift; sourceTree = "<group>"; };
		78C9BE5C22FE860B007618A8 /* Question.swift */ = {isa = PBXFileReference; lastKnownFileType = sourcecode.swift; path = Question.swift; sourceTree = SOURCE_ROOT; };
		78F266CE22FE920600C94622 /* Result.swift */ = {isa = PBXFileReference; lastKnownFileType = sourcecode.swift; path = Result.swift; sourceTree = "<group>"; };
		78F266D022FE99F400C94622 /* ResultTextModifier.swift */ = {isa = PBXFileReference; lastKnownFileType = sourcecode.swift; path = ResultTextModifier.swift; sourceTree = "<group>"; };
/* End PBXFileReference section */

/* Begin PBXFrameworksBuildPhase section */
		780EC3B122FC9DF200B06DD2 /* Frameworks */ = {
			isa = PBXFrameworksBuildPhase;
			buildActionMask = 2147483647;
			files = (
			);
			runOnlyForDeploymentPostprocessing = 0;
		};
/* End PBXFrameworksBuildPhase section */

/* Begin PBXGroup section */
		780EC3AB22FC9DF200B06DD2 = {
			isa = PBXGroup;
			children = (
				7828AB8323008A27002AC79F /* Questions */,
				780EC3B622FC9DF200B06DD2 /* Quiz */,
				780EC3B522FC9DF200B06DD2 /* Products */,
			);
			sourceTree = "<group>";
		};
		780EC3B522FC9DF200B06DD2 /* Products */ = {
			isa = PBXGroup;
			children = (
				780EC3B422FC9DF200B06DD2 /* Quiz.app */,
			);
			name = Products;
			sourceTree = "<group>";
		};
		780EC3B622FC9DF200B06DD2 /* Quiz */ = {
			isa = PBXGroup;
			children = (
				780EC3B722FC9DF200B06DD2 /* AppDelegate.swift */,
				780EC3B922FC9DF200B06DD2 /* SceneDelegate.swift */,
				780EC3BB22FC9DF200B06DD2 /* ContentView.swift */,
				78F266CE22FE920600C94622 /* Result.swift */,
				78F266D022FE99F400C94622 /* ResultTextModifier.swift */,
				78BB7D4F22FE877600C588EB /* ButtonModifier.swift */,
				78C9BE5C22FE860B007618A8 /* Question.swift */,
				780EC3CD22FC9E3E00B06DD2 /* QuizManager.swift */,
				780EC3CF22FC9E5000B06DD2 /* SoundManager.swift */,
				780EC3BD22FC9DF300B06DD2 /* Assets.xcassets */,
				780EC3C222FC9DF300B06DD2 /* LaunchScreen.storyboard */,
				780EC3C522FC9DF300B06DD2 /* Info.plist */,
				780EC3D722FC9E9A00B06DD2 /* Sounds */,
				780EC3BF22FC9DF300B06DD2 /* Preview Content */,
			);
			path = Quiz;
			sourceTree = "<group>";
		};
		780EC3BF22FC9DF300B06DD2 /* Preview Content */ = {
			isa = PBXGroup;
			children = (
				780EC3C022FC9DF300B06DD2 /* Preview Assets.xcassets */,
			);
			path = "Preview Content";
			sourceTree = "<group>";
		};
		780EC3D722FC9E9A00B06DD2 /* Sounds */ = {
			isa = PBXGroup;
			children = (
				780EC3D322FC9E7300B06DD2 /* GameSound.wav */,
				780EC3D122FC9E7300B06DD2 /* RightSound.wav */,
				780EC3D222FC9E7300B06DD2 /* WrongSound.wav */,
			);
			path = Sounds;
			sourceTree = "<group>";
		};
/* End PBXGroup section */

/* Begin PBXNativeTarget section */
		780EC3B322FC9DF200B06DD2 /* Quiz */ = {
			isa = PBXNativeTarget;
			buildConfigurationList = 780EC3C822FC9DF300B06DD2 /* Build configuration list for PBXNativeTarget "Quiz" */;
			buildPhases = (
				780EC3B022FC9DF200B06DD2 /* Sources */,
				780EC3B122FC9DF200B06DD2 /* Frameworks */,
				780EC3B222FC9DF200B06DD2 /* Resources */,
			);
			buildRules = (
			);
			dependencies = (
			);
			name = Quiz;
			productName = Quiz;
			productReference = 780EC3B422FC9DF200B06DD2 /* Quiz.app */;
			productType = "com.apple.product-type.application";
		};
/* End PBXNativeTarget section */

/* Begin PBXProject section */
		780EC3AC22FC9DF200B06DD2 /* Project object */ = {
			isa = PBXProject;
			attributes = {
				LastSwiftUpdateCheck = 1100;
				LastUpgradeCheck = 1100;
				ORGANIZATIONNAME = "Dennis Parussini";
				TargetAttributes = {
					780EC3B322FC9DF200B06DD2 = {
						CreatedOnToolsVersion = 11.0;
					};
				};
			};
			buildConfigurationList = 780EC3AF22FC9DF200B06DD2 /* Build configuration list for PBXProject "Quiz" */;
			compatibilityVersion = "Xcode 9.3";
			developmentRegion = en;
			hasScannedForEncodings = 0;
			knownRegions = (
				en,
				Base,
			);
			mainGroup = 780EC3AB22FC9DF200B06DD2;
			productRefGroup = 780EC3B522FC9DF200B06DD2 /* Products */;
			projectDirPath = "";
			projectRoot = "";
			targets = (
				780EC3B322FC9DF200B06DD2 /* Quiz */,
			);
		};
/* End PBXProject section */

/* Begin PBXResourcesBuildPhase section */
		780EC3B222FC9DF200B06DD2 /* Resources */ = {
			isa = PBXResourcesBuildPhase;
			buildActionMask = 2147483647;
			files = (
				780EC3C422FC9DF300B06DD2 /* LaunchScreen.storyboard in Resources */,
				7828AB8423008A27002AC79F /* Questions in Resources */,
				780EC3D422FC9E7300B06DD2 /* RightSound.wav in Resources */,
				780EC3D522FC9E7300B06DD2 /* WrongSound.wav in Resources */,
				780EC3C122FC9DF300B06DD2 /* Preview Assets.xcassets in Resources */,
				780EC3D622FC9E7300B06DD2 /* GameSound.wav in Resources */,
				780EC3BE22FC9DF300B06DD2 /* Assets.xcassets in Resources */,
			);
			runOnlyForDeploymentPostprocessing = 0;
		};
/* End PBXResourcesBuildPhase section */

/* Begin PBXSourcesBuildPhase section */
		780EC3B022FC9DF200B06DD2 /* Sources */ = {
			isa = PBXSourcesBuildPhase;
			buildActionMask = 2147483647;
			files = (
				780EC3B822FC9DF200B06DD2 /* AppDelegate.swift in Sources */,
				78BB7D5022FE877600C588EB /* ButtonModifier.swift in Sources */,
				78F266D122FE99F400C94622 /* ResultTextModifier.swift in Sources */,
				780EC3CE22FC9E3E00B06DD2 /* QuizManager.swift in Sources */,
				780EC3BA22FC9DF200B06DD2 /* SceneDelegate.swift in Sources */,
				78C9BE5D22FE860B007618A8 /* Question.swift in Sources */,
				780EC3BC22FC9DF200B06DD2 /* ContentView.swift in Sources */,
				78F266CF22FE920600C94622 /* Result.swift in Sources */,
				780EC3D022FC9E5000B06DD2 /* SoundManager.swift in Sources */,
			);
			runOnlyForDeploymentPostprocessing = 0;
		};
/* End PBXSourcesBuildPhase section */

/* Begin PBXVariantGroup section */
		780EC3C222FC9DF300B06DD2 /* LaunchScreen.storyboard */ = {
			isa = PBXVariantGroup;
			children = (
				780EC3C322FC9DF300B06DD2 /* Base */,
			);
			name = LaunchScreen.storyboard;
			sourceTree = "<group>";
		};
/* End PBXVariantGroup section */

/* Begin XCBuildConfiguration section */
		780EC3C622FC9DF300B06DD2 /* Debug */ = {
			isa = XCBuildConfiguration;
			buildSettings = {
				ALWAYS_SEARCH_USER_PATHS = NO;
				CLANG_ANALYZER_NONNULL = YES;
				CLANG_ANALYZER_NUMBER_OBJECT_CONVERSION = YES_AGGRESSIVE;
				CLANG_CXX_LANGUAGE_STANDARD = "gnu++14";
				CLANG_CXX_LIBRARY = "libc++";
				CLANG_ENABLE_MODULES = YES;
				CLANG_ENABLE_OBJC_ARC = YES;
				CLANG_ENABLE_OBJC_WEAK = YES;
				CLANG_WARN_BLOCK_CAPTURE_AUTORELEASING = YES;
				CLANG_WARN_BOOL_CONVERSION = YES;
				CLANG_WARN_COMMA = YES;
				CLANG_WARN_CONSTANT_CONVERSION = YES;
				CLANG_WARN_DEPRECATED_OBJC_IMPLEMENTATIONS = YES;
				CLANG_WARN_DIRECT_OBJC_ISA_USAGE = YES_ERROR;
				CLANG_WARN_DOCUMENTATION_COMMENTS = YES;
				CLANG_WARN_EMPTY_BODY = YES;
				CLANG_WARN_ENUM_CONVERSION = YES;
				CLANG_WARN_INFINITE_RECURSION = YES;
				CLANG_WARN_INT_CONVERSION = YES;
				CLANG_WARN_NON_LITERAL_NULL_CONVERSION = YES;
				CLANG_WARN_OBJC_IMPLICIT_RETAIN_SELF = YES;
				CLANG_WARN_OBJC_LITERAL_CONVERSION = YES;
				CLANG_WARN_OBJC_ROOT_CLASS = YES_ERROR;
				CLANG_WARN_RANGE_LOOP_ANALYSIS = YES;
				CLANG_WARN_STRICT_PROTOTYPES = YES;
				CLANG_WARN_SUSPICIOUS_MOVE = YES;
				CLANG_WARN_UNGUARDED_AVAILABILITY = YES_AGGRESSIVE;
				CLANG_WARN_UNREACHABLE_CODE = YES;
				CLANG_WARN__DUPLICATE_METHOD_MATCH = YES;
				COPY_PHASE_STRIP = NO;
				DEBUG_INFORMATION_FORMAT = dwarf;
				ENABLE_STRICT_OBJC_MSGSEND = YES;
				ENABLE_TESTABILITY = YES;
				GCC_C_LANGUAGE_STANDARD = gnu11;
				GCC_DYNAMIC_NO_PIC = NO;
				GCC_NO_COMMON_BLOCKS = YES;
				GCC_OPTIMIZATION_LEVEL = 0;
				GCC_PREPROCESSOR_DEFINITIONS = (
					"DEBUG=1",
					"$(inherited)",
				);
				GCC_WARN_64_TO_32_BIT_CONVERSION = YES;
				GCC_WARN_ABOUT_RETURN_TYPE = YES_ERROR;
				GCC_WARN_UNDECLARED_SELECTOR = YES;
				GCC_WARN_UNINITIALIZED_AUTOS = YES_AGGRESSIVE;
				GCC_WARN_UNUSED_FUNCTION = YES;
				GCC_WARN_UNUSED_VARIABLE = YES;
				IPHONEOS_DEPLOYMENT_TARGET = 13.0;
				MTL_ENABLE_DEBUG_INFO = INCLUDE_SOURCE;
				MTL_FAST_MATH = YES;
				ONLY_ACTIVE_ARCH = YES;
				SDKROOT = iphoneos;
				SWIFT_ACTIVE_COMPILATION_CONDITIONS = DEBUG;
				SWIFT_OPTIMIZATION_LEVEL = "-Onone";
			};
			name = Debug;
		};
		780EC3C722FC9DF300B06DD2 /* Release */ = {
			isa = XCBuildConfiguration;
			buildSettings = {
				ALWAYS_SEARCH_USER_PATHS = NO;
				CLANG_ANALYZER_NONNULL = YES;
				CLANG_ANALYZER_NUMBER_OBJECT_CONVERSION = YES_AGGRESSIVE;
				CLANG_CXX_LANGUAGE_STANDARD = "gnu++14";
				CLANG_CXX_LIBRARY = "libc++";
				CLANG_ENABLE_MODULES = YES;
				CLANG_ENABLE_OBJC_ARC = YES;
				CLANG_ENABLE_OBJC_WEAK = YES;
				CLANG_WARN_BLOCK_CAPTURE_AUTORELEASING = YES;
				CLANG_WARN_BOOL_CONVERSION = YES;
				CLANG_WARN_COMMA = YES;
				CLANG_WARN_CONSTANT_CONVERSION = YES;
				CLANG_WARN_DEPRECATED_OBJC_IMPLEMENTATIONS = YES;
				CLANG_WARN_DIRECT_OBJC_ISA_USAGE = YES_ERROR;
				CLANG_WARN_DOCUMENTATION_COMMENTS = YES;
				CLANG_WARN_EMPTY_BODY = YES;
				CLANG_WARN_ENUM_CONVERSION = YES;
				CLANG_WARN_INFINITE_RECURSION = YES;
				CLANG_WARN_INT_CONVERSION = YES;
				CLANG_WARN_NON_LITERAL_NULL_CONVERSION = YES;
				CLANG_WARN_OBJC_IMPLICIT_RETAIN_SELF = YES;
				CLANG_WARN_OBJC_LITERAL_CONVERSION = YES;
				CLANG_WARN_OBJC_ROOT_CLASS = YES_ERROR;
				CLANG_WARN_RANGE_LOOP_ANALYSIS = YES;
				CLANG_WARN_STRICT_PROTOTYPES = YES;
				CLANG_WARN_SUSPICIOUS_MOVE = YES;
				CLANG_WARN_UNGUARDED_AVAILABILITY = YES_AGGRESSIVE;
				CLANG_WARN_UNREACHABLE_CODE = YES;
				CLANG_WARN__DUPLICATE_METHOD_MATCH = YES;
				COPY_PHASE_STRIP = NO;
				DEBUG_INFORMATION_FORMAT = "dwarf-with-dsym";
				ENABLE_NS_ASSERTIONS = NO;
				ENABLE_STRICT_OBJC_MSGSEND = YES;
				GCC_C_LANGUAGE_STANDARD = gnu11;
				GCC_NO_COMMON_BLOCKS = YES;
				GCC_WARN_64_TO_32_BIT_CONVERSION = YES;
				GCC_WARN_ABOUT_RETURN_TYPE = YES_ERROR;
				GCC_WARN_UNDECLARED_SELECTOR = YES;
				GCC_WARN_UNINITIALIZED_AUTOS = YES_AGGRESSIVE;
				GCC_WARN_UNUSED_FUNCTION = YES;
				GCC_WARN_UNUSED_VARIABLE = YES;
				IPHONEOS_DEPLOYMENT_TARGET = 13.0;
				MTL_ENABLE_DEBUG_INFO = NO;
				MTL_FAST_MATH = YES;
				SDKROOT = iphoneos;
				SWIFT_COMPILATION_MODE = wholemodule;
				SWIFT_OPTIMIZATION_LEVEL = "-O";
				VALIDATE_PRODUCT = YES;
			};
			name = Release;
		};
		780EC3C922FC9DF300B06DD2 /* Debug */ = {
			isa = XCBuildConfiguration;
			buildSettings = {
				ASSETCATALOG_COMPILER_APPICON_NAME = AppIcon;
				CODE_SIGN_STYLE = Automatic;
				DEVELOPMENT_ASSET_PATHS = "Quiz/Preview\\ Content";
				DEVELOPMENT_TEAM = DEYT8Z7L38;
				ENABLE_PREVIEWS = YES;
				INFOPLIST_FILE = Quiz/Info.plist;
				LD_RUNPATH_SEARCH_PATHS = (
					"$(inherited)",
					"@executable_path/Frameworks",
				);
				PRODUCT_BUNDLE_IDENTIFIER = me.dennisParussini.Quiz;
				PRODUCT_NAME = "$(TARGET_NAME)";
				SWIFT_VERSION = 5.0;
				TARGETED_DEVICE_FAMILY = "1,2";
			};
			name = Debug;
		};
		780EC3CA22FC9DF300B06DD2 /* Release */ = {
			isa = XCBuildConfiguration;
			buildSettings = {
				ASSETCATALOG_COMPILER_APPICON_NAME = AppIcon;
				CODE_SIGN_STYLE = Automatic;
				DEVELOPMENT_ASSET_PATHS = "Quiz/Preview\\ Content";
				DEVELOPMENT_TEAM = DEYT8Z7L38;
				ENABLE_PREVIEWS = YES;
				INFOPLIST_FILE = Quiz/Info.plist;
				LD_RUNPATH_SEARCH_PATHS = (
					"$(inherited)",
					"@executable_path/Frameworks",
				);
				PRODUCT_BUNDLE_IDENTIFIER = me.dennisParussini.Quiz;
				PRODUCT_NAME = "$(TARGET_NAME)";
				SWIFT_VERSION = 5.0;
				TARGETED_DEVICE_FAMILY = "1,2";
			};
			name = Release;
		};
/* End XCBuildConfiguration section */

/* Begin XCConfigurationList section */
		780EC3AF22FC9DF200B06DD2 /* Build configuration list for PBXProject "Quiz" */ = {
			isa = XCConfigurationList;
			buildConfigurations = (
				780EC3C622FC9DF300B06DD2 /* Debug */,
				780EC3C722FC9DF300B06DD2 /* Release */,
			);
			defaultConfigurationIsVisible = 0;
			defaultConfigurationName = Release;
		};
		780EC3C822FC9DF300B06DD2 /* Build configuration list for PBXNativeTarget "Quiz" */ = {
			isa = XCConfigurationList;
			buildConfigurations = (
				780EC3C922FC9DF300B06DD2 /* Debug */,
				780EC3CA22FC9DF300B06DD2 /* Release */,
			);
			defaultConfigurationIsVisible = 0;
			defaultConfigurationName = Release;
		};
/* End XCConfigurationList section */
	};
	rootObject = 780EC3AC22FC9DF200B06DD2 /* Project object */;
}
